<?xml version="1.0" encoding="utf-8"?>
<Project ToolsVersion="4.0" xmlns:atg="http://atg.xbox.com" xmlns="http://schemas.microsoft.com/developer/msbuild/2003">
  <ItemGroup>
    <Filter Include="Resource Files">
      <UniqueIdentifier>{8e114980-c1a3-4ada-ad7c-83caadf5daeb}</UniqueIdentifier>
      <Extensions>rc;ico;cur;bmp;dlg;rc2;rct;bin;rgs;gif;jpg;jpeg;jpe</Extensions>
    </Filter>
    <Filter Include="Shaders">
      <UniqueIdentifier>{2c3d4c8c-5d1a-459a-a05a-a4e4b608a44e}</UniqueIdentifier>
      <Extensions>fx;fxh;hlsl</Extensions>
    </Filter>
    <Filter Include="Resource Files\Textures">
      <UniqueIdentifier>{84a4d56f-682d-4b12-a7c9-064cc08bce09}</UniqueIdentifier>
    </Filter>
    <Filter Include="Helpers">
      <UniqueIdentifier>{9c796f30-1066-4157-a18b-1202b10ee0ac}</UniqueIdentifier>
    </Filter>
    <Filter Include="Source">
      <UniqueIdentifier>{909f04ff-2e3d-4b95-8210-f7225252e74a}</UniqueIdentifier>
    </Filter>
    <Filter Include="PhysicScreens">
      <UniqueIdentifier>{866c81b3-d696-4653-9d1a-6040388ce15d}</UniqueIdentifier>
    </Filter>
    <Filter Include="PhysicScreens\Header">
      <UniqueIdentifier>{5f712f78-f843-4e24-ae58-e79f9a0df390}</UniqueIdentifier>
    </Filter>
    <Filter Include="PhysicScreens\Source">
      <UniqueIdentifier>{6198a9b1-1309-4b7e-9ea5-e0dbb0547c0e}</UniqueIdentifier>
    </Filter>
    <Filter Include="Components">
      <UniqueIdentifier>{42d69fbc-bcf9-43dd-8971-585fe6dfb768}</UniqueIdentifier>
    </Filter>
    <Filter Include="Components\Header">
      <UniqueIdentifier>{f1476e7c-2122-4d98-bf37-f1dc3a1e83c4}</UniqueIdentifier>
    </Filter>
    <Filter Include="Components\Source">
      <UniqueIdentifier>{495c2c66-cfbb-42f7-82fc-d6213a614bbc}</UniqueIdentifier>
    </Filter>
    <Filter Include="Helpers\Header">
      <UniqueIdentifier>{cacc7230-f188-4cd7-80a4-9861fd51d6ca}</UniqueIdentifier>
    </Filter>
    <Filter Include="Helpers\Source">
      <UniqueIdentifier>{819aec98-a571-49c4-9592-8af85aa12b4b}</UniqueIdentifier>
    </Filter>
    <Filter Include="imgui">
      <UniqueIdentifier>{bedc717e-e0ef-4947-986a-d0ed7d6aedc9}</UniqueIdentifier>
    </Filter>
    <Filter Include="imgui\Header">
      <UniqueIdentifier>{5ea7fa15-9b60-4b13-a7b0-68855f12a113}</UniqueIdentifier>
    </Filter>
    <Filter Include="imgui\Source">
      <UniqueIdentifier>{20b37efb-01aa-438e-82d2-e9f3be881cd0}</UniqueIdentifier>
    </Filter>
    <Filter Include="BaseClasses">
      <UniqueIdentifier>{91e465dc-567c-45e6-ac4b-a80bef271ac4}</UniqueIdentifier>
    </Filter>
    <Filter Include="Managers">
      <UniqueIdentifier>{ec91b9e8-c449-4875-8de2-72dfd457a373}</UniqueIdentifier>
    </Filter>
    <Filter Include="Optimisations">
      <UniqueIdentifier>{546fa27c-abf6-46f6-9f97-961be42ac264}</UniqueIdentifier>
    </Filter>
    <Filter Include="Optimisations\Header">
      <UniqueIdentifier>{4b466832-683f-4adb-a964-6641c4673f8c}</UniqueIdentifier>
    </Filter>
    <Filter Include="Optimisations\Source">
      <UniqueIdentifier>{d2b20f0a-0f71-4c31-a7a4-fec8b8cc4c6f}</UniqueIdentifier>
    </Filter>
    <Filter Include="Managers\Header">
      <UniqueIdentifier>{ea993006-e53c-4d10-ad8a-cdfc3f52d76f}</UniqueIdentifier>
    </Filter>
    <Filter Include="Managers\Source">
      <UniqueIdentifier>{65fb9918-5f2a-4ec2-8705-3ee8c0e8b556}</UniqueIdentifier>
    </Filter>
    <Filter Include="BaseClasses\Header">
      <UniqueIdentifier>{7b285b6c-14ce-4bce-805d-a3120103a193}</UniqueIdentifier>
    </Filter>
    <Filter Include="BaseClasses\Source">
      <UniqueIdentifier>{c4ce976a-2a95-40d6-a051-419cff112861}</UniqueIdentifier>
    </Filter>
  </ItemGroup>
  <ItemGroup>
    <ClInclude Include="BasicScreen.h">
      <Filter>PhysicScreens\Header</Filter>
    </ClInclude>
    <ClInclude Include="Screen.h">
      <Filter>PhysicScreens\Header</Filter>
    </ClInclude>
    <ClInclude Include="ScreenManager.h">
      <Filter>PhysicScreens\Header</Filter>
    </ClInclude>
    <ClInclude Include="Render.h">
      <Filter>Components\Header</Filter>
    </ClInclude>
    <ClInclude Include="Transform.h">
      <Filter>Components\Header</Filter>
    </ClInclude>
    <ClInclude Include="DDSTextureLoader.h">
      <Filter>Helpers\Header</Filter>
    </ClInclude>
    <ClInclude Include="OBJLoader.h">
      <Filter>Helpers\Header</Filter>
    </ClInclude>
    <ClInclude Include="Quaternion.h">
      <Filter>Helpers\Header</Filter>
    </ClInclude>
    <ClInclude Include="Timer.h">
      <Filter>Helpers\Header</Filter>
    </ClInclude>
    <ClInclude Include="Vector.h">
      <Filter>Helpers\Header</Filter>
    </ClInclude>
    <ClInclude Include="GJKScreen.h">
      <Filter>PhysicScreens\Header</Filter>
    </ClInclude>
    <ClInclude Include="SATScreen.h">
      <Filter>PhysicScreens\Header</Filter>
    </ClInclude>
    <ClInclude Include="Octree.h">
      <Filter>Optimisations\Header</Filter>
    </ClInclude>
    <ClInclude Include="ThreadPool.h">
      <Filter>Optimisations\Header</Filter>
    </ClInclude>
    <ClInclude Include="MemoryPool.h">
      <Filter>Optimisations\Header</Filter>
    </ClInclude>
    <ClInclude Include="EPAScreen.h">
      <Filter>PhysicScreens\Header</Filter>
    </ClInclude>
    <ClInclude Include="MassAggScreen.h">
      <Filter>PhysicScreens\Header</Filter>
    </ClInclude>
    <ClInclude Include="MeshLoader.h">
      <Filter>Helpers\Header</Filter>
    </ClInclude>
    <ClInclude Include="imgui\imconfig.h">
      <Filter>imgui\Header</Filter>
    </ClInclude>
    <ClInclude Include="imgui\imgui.h">
      <Filter>imgui\Header</Filter>
    </ClInclude>
    <ClInclude Include="imgui\imgui_impl_dx11.h">
      <Filter>imgui\Header</Filter>
    </ClInclude>
    <ClInclude Include="imgui\imgui_impl_win32.h">
      <Filter>imgui\Header</Filter>
    </ClInclude>
    <ClInclude Include="imgui\imgui_internal.h">
      <Filter>imgui\Header</Filter>
    </ClInclude>
    <ClInclude Include="imgui\imstb_rectpack.h">
      <Filter>imgui\Header</Filter>
    </ClInclude>
    <ClInclude Include="imgui\imstb_textedit.h">
      <Filter>imgui\Header</Filter>
    </ClInclude>
    <ClInclude Include="imgui\imstb_truetype.h">
      <Filter>imgui\Header</Filter>
    </ClInclude>
    <ClInclude Include="EPACollider.h">
      <Filter>Components\Header</Filter>
    </ClInclude>
    <ClInclude Include="GJKCollider.h">
      <Filter>Components\Header</Filter>
    </ClInclude>
    <ClInclude Include="OBBCollider.h">
      <Filter>Components\Header</Filter>
    </ClInclude>
    <ClInclude Include="SATCollider.h">
      <Filter>Components\Header</Filter>
    </ClInclude>
    <ClInclude Include="MassAggregate.h">
      <Filter>Components\Header</Filter>
    </ClInclude>
    <ClInclude Include="Particle.h">
      <Filter>Components\Header</Filter>
    </ClInclude>
    <ClInclude Include="BoxCollider.h">
      <Filter>Components\Header</Filter>
    </ClInclude>
    <ClInclude Include="Collider.h">
      <Filter>Components\Header</Filter>
    </ClInclude>
    <ClInclude Include="PlaneCollider.h">
      <Filter>Components\Header</Filter>
    </ClInclude>
    <ClInclude Include="SphereCollider.h">
      <Filter>Components\Header</Filter>
    </ClInclude>
    <ClInclude Include="RigidbodyObject.h">
      <Filter>Components\Header</Filter>
    </ClInclude>
    <ClInclude Include="Constants.h">
      <Filter>Helpers\Header</Filter>
    </ClInclude>
    <ClInclude Include="Structures.h">
      <Filter>Helpers\Source</Filter>
    </ClInclude>
    <ClInclude Include="CollisionContact.h">
      <Filter>Managers\Header</Filter>
    </ClInclude>
    <ClInclude Include="MaterialCoefficient.h">
      <Filter>Managers\Header</Filter>
    </ClInclude>
    <ClInclude Include="GameObjectEntity.h">
      <Filter>BaseClasses\Header</Filter>
    </ClInclude>
    <ClInclude Include="PhysicsEntity.h">
      <Filter>BaseClasses\Header</Filter>
    </ClInclude>
    <ClInclude Include="Camera.h">
      <Filter>Components\Header</Filter>
    </ClInclude>
    <ClInclude Include="ComponentEntity.h">
      <Filter>BaseClasses\Header</Filter>
    </ClInclude>
    <ClInclude Include="ColliderEntity.h">
      <Filter>BaseClasses\Header</Filter>
    </ClInclude>
  </ItemGroup>
  <ItemGroup>
    <ClCompile Include="Main.cpp">
      <Filter>Source</Filter>
    </ClCompile>
    <ClCompile Include="Screen.cpp">
      <Filter>PhysicScreens\Source</Filter>
    </ClCompile>
    <ClCompile Include="ScreenManager.cpp">
      <Filter>PhysicScreens\Source</Filter>
    </ClCompile>
    <ClCompile Include="BasicScreen.cpp">
      <Filter>PhysicScreens\Source</Filter>
    </ClCompile>
    <ClCompile Include="Render.cpp">
      <Filter>Components\Source</Filter>
    </ClCompile>
    <ClCompile Include="Transform.cpp">
      <Filter>Components\Source</Filter>
    </ClCompile>
    <ClCompile Include="DDSTextureLoader.cpp">
      <Filter>Helpers\Source</Filter>
    </ClCompile>
    <ClCompile Include="OBJLoader.cpp">
      <Filter>Helpers\Source</Filter>
    </ClCompile>
    <ClCompile Include="Quaternion.cpp">
      <Filter>Helpers\Source</Filter>
    </ClCompile>
    <ClCompile Include="Timer.cpp">
      <Filter>Helpers\Source</Filter>
    </ClCompile>
    <ClCompile Include="Vector.cpp">
      <Filter>Helpers\Source</Filter>
    </ClCompile>
    <ClCompile Include="GJKScreen.cpp">
      <Filter>PhysicScreens\Source</Filter>
    </ClCompile>
    <ClCompile Include="SATScreen.cpp">
      <Filter>PhysicScreens\Source</Filter>
    </ClCompile>
    <ClCompile Include="Octree.cpp">
      <Filter>Optimisations\Source</Filter>
    </ClCompile>
    <ClCompile Include="ThreadPool.cpp">
      <Filter>Optimisations\Source</Filter>
    </ClCompile>
    <ClCompile Include="MemoryPool.cpp">
      <Filter>Optimisations\Source</Filter>
    </ClCompile>
    <ClCompile Include="EPAScreen.cpp">
      <Filter>PhysicScreens\Source</Filter>
    </ClCompile>
    <ClCompile Include="MassAggScreen.cpp">
      <Filter>PhysicScreens\Source</Filter>
    </ClCompile>
    <ClCompile Include="MeshLoader.cpp">
      <Filter>Helpers\Source</Filter>
    </ClCompile>
    <ClCompile Include="imgui\imgui.cpp">
      <Filter>imgui\Source</Filter>
    </ClCompile>
    <ClCompile Include="imgui\imgui_demo.cpp">
      <Filter>imgui\Source</Filter>
    </ClCompile>
    <ClCompile Include="imgui\imgui_draw.cpp">
      <Filter>imgui\Source</Filter>
    </ClCompile>
    <ClCompile Include="imgui\imgui_impl_dx11.cpp">
      <Filter>imgui\Source</Filter>
    </ClCompile>
    <ClCompile Include="imgui\imgui_impl_win32.cpp">
      <Filter>imgui\Source</Filter>
    </ClCompile>
    <ClCompile Include="imgui\imgui_tables.cpp">
      <Filter>imgui\Source</Filter>
    </ClCompile>
    <ClCompile Include="imgui\imgui_widgets.cpp">
      <Filter>imgui\Source</Filter>
    </ClCompile>
    <ClCompile Include="EPACollider.cpp">
      <Filter>Components\Source</Filter>
    </ClCompile>
    <ClCompile Include="GJKCollider.cpp">
      <Filter>Components\Source</Filter>
    </ClCompile>
    <ClCompile Include="OBBCollider.cpp">
      <Filter>Components\Source</Filter>
    </ClCompile>
    <ClCompile Include="SATCollider.cpp">
      <Filter>Components\Source</Filter>
    </ClCompile>
    <ClCompile Include="MassAggregate.cpp">
      <Filter>Components\Source</Filter>
    </ClCompile>
    <ClCompile Include="Particle.cpp">
      <Filter>Components\Source</Filter>
    </ClCompile>
    <ClCompile Include="BoxCollider.cpp">
      <Filter>Components\Source</Filter>
    </ClCompile>
    <ClCompile Include="Collider.cpp">
      <Filter>Components\Source</Filter>
    </ClCompile>
    <ClCompile Include="PlaneCollider.cpp">
      <Filter>Components\Source</Filter>
    </ClCompile>
    <ClCompile Include="SphereCollider.cpp">
      <Filter>Components\Source</Filter>
    </ClCompile>
    <ClCompile Include="RigidbodyObject.cpp">
      <Filter>Components\Source</Filter>
    </ClCompile>
    <ClCompile Include="MaterialCoefficient.cpp">
      <Filter>Managers\Source</Filter>
    </ClCompile>
    <ClCompile Include="CollisionContact.cpp">
      <Filter>Managers\Source</Filter>
    </ClCompile>
    <ClCompile Include="GameObjectEntity.cpp">
      <Filter>BaseClasses\Source</Filter>
    </ClCompile>
    <ClCompile Include="PhysicsEntity.cpp">
      <Filter>BaseClasses\Source</Filter>
    </ClCompile>
    <ClCompile Include="Camera.cpp">
      <Filter>Components\Source</Filter>
    </ClCompile>
    <ClCompile Include="ComponentEntity.cpp">
      <Filter>BaseClasses\Source</Filter>
    </ClCompile>
    <ClCompile Include="ColliderEntity.cpp">
      <Filter>BaseClasses\Source</Filter>
    </ClCompile>
  </ItemGroup>
  <ItemGroup>
    <CLInclude Include="resource.h">
      <Filter>Resource Files</Filter>
    </CLInclude>
  </ItemGroup>
  <ItemGroup>
    <Image Include="Resources\floor.dds">
      <Filter>Resource Files\Textures</Filter>
    </Image>
    <Image Include="Resources\stone.dds">
      <Filter>Resource Files\Textures</Filter>
    </Image>
  </ItemGroup>
  <ItemGroup>
    <None Include="SimpleShaders.hlsl">
      <Filter>Shaders</Filter>
    </None>
  </ItemGroup>
  <ItemGroup>
    <ResourceCompile Include="DX11PhysicsFramework.rc">
      <Filter>Resource Files</Filter>
    </ResourceCompile>
  </ItemGroup>
</Project>