<?xml version="1.0" encoding="utf-8"?>
<Project ToolsVersion="4.0" xmlns:atg="http://atg.xbox.com" xmlns="http://schemas.microsoft.com/developer/msbuild/2003">
  <ItemGroup>
    <Filter Include="Resource Files">
      <UniqueIdentifier>{8e114980-c1a3-4ada-ad7c-83caadf5daeb}</UniqueIdentifier>
      <Extensions>rc;ico;cur;bmp;dlg;rc2;rct;bin;rgs;gif;jpg;jpeg;jpe</Extensions>
    </Filter>
    <Filter Include="Shaders">
      <UniqueIdentifier>{2c3d4c8c-5d1a-459a-a05a-a4e4b608a44e}</UniqueIdentifier>
      <Extensions>fx;fxh;hlsl</Extensions>
    </Filter>
    <Filter Include="Resource Files\Textures">
      <UniqueIdentifier>{84a4d56f-682d-4b12-a7c9-064cc08bce09}</UniqueIdentifier>
    </Filter>
    <Filter Include="Helpers">
      <UniqueIdentifier>{9c796f30-1066-4157-a18b-1202b10ee0ac}</UniqueIdentifier>
    </Filter>
    <Filter Include="Source">
      <UniqueIdentifier>{909f04ff-2e3d-4b95-8210-f7225252e74a}</UniqueIdentifier>
    </Filter>
    <Filter Include="PhysicScreens">
      <UniqueIdentifier>{866c81b3-d696-4653-9d1a-6040388ce15d}</UniqueIdentifier>
    </Filter>
    <Filter Include="PhysicScreens\Header">
      <UniqueIdentifier>{5f712f78-f843-4e24-ae58-e79f9a0df390}</UniqueIdentifier>
    </Filter>
    <Filter Include="PhysicScreens\Source">
      <UniqueIdentifier>{6198a9b1-1309-4b7e-9ea5-e0dbb0547c0e}</UniqueIdentifier>
    </Filter>
    <Filter Include="Colliders">
      <UniqueIdentifier>{8ba39916-a5ed-4673-a34d-846652a8df46}</UniqueIdentifier>
    </Filter>
    <Filter Include="Colliders\Header">
      <UniqueIdentifier>{36211a9d-55fd-412d-928a-87506d9d90b6}</UniqueIdentifier>
    </Filter>
    <Filter Include="Colliders\Source">
      <UniqueIdentifier>{f7fceda7-e32b-49e5-84dd-57d5377fbb4e}</UniqueIdentifier>
    </Filter>
    <Filter Include="Components">
      <UniqueIdentifier>{42d69fbc-bcf9-43dd-8971-585fe6dfb768}</UniqueIdentifier>
    </Filter>
    <Filter Include="Components\Header">
      <UniqueIdentifier>{f1476e7c-2122-4d98-bf37-f1dc3a1e83c4}</UniqueIdentifier>
    </Filter>
    <Filter Include="Components\Source">
      <UniqueIdentifier>{495c2c66-cfbb-42f7-82fc-d6213a614bbc}</UniqueIdentifier>
    </Filter>
    <Filter Include="Helpers\Header">
      <UniqueIdentifier>{cacc7230-f188-4cd7-80a4-9861fd51d6ca}</UniqueIdentifier>
    </Filter>
    <Filter Include="Helpers\Source">
      <UniqueIdentifier>{819aec98-a571-49c4-9592-8af85aa12b4b}</UniqueIdentifier>
    </Filter>
    <Filter Include="Optimisation">
      <UniqueIdentifier>{546fa27c-abf6-46f6-9f97-961be42ac264}</UniqueIdentifier>
    </Filter>
    <Filter Include="Optimisation\Header">
      <UniqueIdentifier>{4b466832-683f-4adb-a964-6641c4673f8c}</UniqueIdentifier>
    </Filter>
    <Filter Include="Optimisation\Source">
      <UniqueIdentifier>{d2b20f0a-0f71-4c31-a7a4-fec8b8cc4c6f}</UniqueIdentifier>
    </Filter>
    <Filter Include="Collision">
      <UniqueIdentifier>{e4be6d75-3b4d-433a-919b-2e2299f8433b}</UniqueIdentifier>
    </Filter>
    <Filter Include="Collision\Header">
      <UniqueIdentifier>{5841a447-385f-4db1-be4f-80c394b143aa}</UniqueIdentifier>
    </Filter>
    <Filter Include="Collision\Source">
      <UniqueIdentifier>{82fc81e6-c1cb-40ef-96aa-94060c7c8cc8}</UniqueIdentifier>
    </Filter>
    <Filter Include="GeometryGen">
      <UniqueIdentifier>{250ff11a-8df9-4f37-8a4b-f2de507ed753}</UniqueIdentifier>
    </Filter>
    <Filter Include="GeometryGen\Header">
      <UniqueIdentifier>{01a09138-a2ac-4840-b6f7-40588feb427c}</UniqueIdentifier>
    </Filter>
    <Filter Include="GeometryGen\Source">
      <UniqueIdentifier>{444f6b5b-2298-42da-aa0c-4cb20925b527}</UniqueIdentifier>
    </Filter>
  </ItemGroup>
  <ItemGroup>
    <ClInclude Include="BasicScreen.h">
      <Filter>PhysicScreens\Header</Filter>
    </ClInclude>
    <ClInclude Include="Screen.h">
      <Filter>PhysicScreens\Header</Filter>
    </ClInclude>
    <ClInclude Include="ScreenManager.h">
      <Filter>PhysicScreens\Header</Filter>
    </ClInclude>
    <ClInclude Include="Collider.h">
      <Filter>Colliders\Header</Filter>
    </ClInclude>
    <ClInclude Include="BoxCollider.h">
      <Filter>Colliders\Header</Filter>
    </ClInclude>
    <ClInclude Include="SphereCollider.h">
      <Filter>Colliders\Header</Filter>
    </ClInclude>
    <ClInclude Include="PlaneCollider.h">
      <Filter>Colliders\Header</Filter>
    </ClInclude>
    <ClInclude Include="GameObject.h">
      <Filter>Components\Header</Filter>
    </ClInclude>
    <ClInclude Include="Render.h">
      <Filter>Components\Header</Filter>
    </ClInclude>
    <ClInclude Include="PhysicsObject.h">
      <Filter>Components\Header</Filter>
    </ClInclude>
    <ClInclude Include="Transform.h">
      <Filter>Components\Header</Filter>
    </ClInclude>
    <ClInclude Include="RigidbodyObject.h">
      <Filter>Components\Header</Filter>
    </ClInclude>
    <ClInclude Include="Constants.h">
      <Filter>Helpers\Header</Filter>
    </ClInclude>
    <ClInclude Include="DDSTextureLoader.h">
      <Filter>Helpers\Header</Filter>
    </ClInclude>
    <ClInclude Include="OBJLoader.h">
      <Filter>Helpers\Header</Filter>
    </ClInclude>
    <ClInclude Include="Quaternion.h">
      <Filter>Helpers\Header</Filter>
    </ClInclude>
    <ClInclude Include="Structures.h">
      <Filter>Helpers\Header</Filter>
    </ClInclude>
    <ClInclude Include="Timer.h">
      <Filter>Helpers\Header</Filter>
    </ClInclude>
    <ClInclude Include="Vector.h">
      <Filter>Helpers\Header</Filter>
    </ClInclude>
    <ClInclude Include="PhysicUtility.h">
      <Filter>Helpers\Header</Filter>
    </ClInclude>
    <ClInclude Include="Camera.h">
      <Filter>PhysicScreens\Header</Filter>
    </ClInclude>
    <ClInclude Include="ConvexHullScreen.h">
      <Filter>PhysicScreens\Header</Filter>
    </ClInclude>
    <ClInclude Include="QuickHullScreen.h">
      <Filter>PhysicScreens\Header</Filter>
    </ClInclude>
    <ClInclude Include="GJKScreen.h">
      <Filter>PhysicScreens\Header</Filter>
    </ClInclude>
    <ClInclude Include="SATScreen.h">
      <Filter>PhysicScreens\Header</Filter>
    </ClInclude>
    <ClInclude Include="Octree.h">
      <Filter>Optimisation\Header</Filter>
    </ClInclude>
    <ClInclude Include="ThreadPool.h">
      <Filter>Optimisation\Header</Filter>
    </ClInclude>
    <ClInclude Include="MemoryPool.h">
      <Filter>Optimisation\Header</Filter>
    </ClInclude>
    <ClInclude Include="OBBCollider.h">
      <Filter>Colliders\Header</Filter>
    </ClInclude>
    <ClInclude Include="GJKCollider.h">
      <Filter>Collision\Header</Filter>
    </ClInclude>
    <ClInclude Include="SATCollider.h">
      <Filter>Collision\Header</Filter>
    </ClInclude>
    <ClInclude Include="EPACollider.h">
      <Filter>GeometryGen\Header</Filter>
    </ClInclude>
    <ClInclude Include="JarvisMarchHull.h">
      <Filter>GeometryGen\Header</Filter>
    </ClInclude>
    <ClInclude Include="QuickHullCollider.h">
      <Filter>GeometryGen\Header</Filter>
    </ClInclude>
  </ItemGroup>
  <ItemGroup>
    <ClCompile Include="Main.cpp">
      <Filter>Source</Filter>
    </ClCompile>
    <ClCompile Include="Screen.cpp">
      <Filter>PhysicScreens\Source</Filter>
    </ClCompile>
    <ClCompile Include="ScreenManager.cpp">
      <Filter>PhysicScreens\Source</Filter>
    </ClCompile>
    <ClCompile Include="BasicScreen.cpp">
      <Filter>PhysicScreens\Source</Filter>
    </ClCompile>
    <ClCompile Include="Collider.cpp">
      <Filter>Colliders\Source</Filter>
    </ClCompile>
    <ClCompile Include="BoxCollider.cpp">
      <Filter>Colliders\Source</Filter>
    </ClCompile>
    <ClCompile Include="SphereCollider.cpp">
      <Filter>Colliders\Source</Filter>
    </ClCompile>
    <ClCompile Include="PlaneCollider.cpp">
      <Filter>Colliders\Source</Filter>
    </ClCompile>
    <ClCompile Include="GameObject.cpp">
      <Filter>Components\Source</Filter>
    </ClCompile>
    <ClCompile Include="Render.cpp">
      <Filter>Components\Source</Filter>
    </ClCompile>
    <ClCompile Include="PhysicsObject.cpp">
      <Filter>Components\Source</Filter>
    </ClCompile>
    <ClCompile Include="Transform.cpp">
      <Filter>Components\Source</Filter>
    </ClCompile>
    <ClCompile Include="RigidbodyObject.cpp">
      <Filter>Components\Source</Filter>
    </ClCompile>
    <ClCompile Include="DDSTextureLoader.cpp">
      <Filter>Helpers\Source</Filter>
    </ClCompile>
    <ClCompile Include="OBJLoader.cpp">
      <Filter>Helpers\Source</Filter>
    </ClCompile>
    <ClCompile Include="Quaternion.cpp">
      <Filter>Helpers\Source</Filter>
    </ClCompile>
    <ClCompile Include="Timer.cpp">
      <Filter>Helpers\Source</Filter>
    </ClCompile>
    <ClCompile Include="Vector.cpp">
      <Filter>Helpers\Source</Filter>
    </ClCompile>
    <ClCompile Include="PhysicUtility.cpp">
      <Filter>Helpers\Source</Filter>
    </ClCompile>
    <ClCompile Include="Camera.cpp">
      <Filter>PhysicScreens\Source</Filter>
    </ClCompile>
    <ClCompile Include="ConvexHullScreen.cpp">
      <Filter>PhysicScreens\Source</Filter>
    </ClCompile>
    <ClCompile Include="QuickHullScreen.cpp">
      <Filter>PhysicScreens\Source</Filter>
    </ClCompile>
    <ClCompile Include="GJKScreen.cpp">
      <Filter>PhysicScreens\Source</Filter>
    </ClCompile>
    <ClCompile Include="SATScreen.cpp">
      <Filter>PhysicScreens\Source</Filter>
    </ClCompile>
    <ClCompile Include="Octree.cpp">
      <Filter>Optimisation\Source</Filter>
    </ClCompile>
    <ClCompile Include="ThreadPool.cpp">
      <Filter>Optimisation\Source</Filter>
    </ClCompile>
    <ClCompile Include="MemoryPool.cpp">
      <Filter>Optimisation\Source</Filter>
    </ClCompile>
    <ClCompile Include="OBBCollider.cpp">
      <Filter>Colliders\Source</Filter>
    </ClCompile>
    <ClCompile Include="GJKCollider.cpp">
      <Filter>Collision\Source</Filter>
    </ClCompile>
    <ClCompile Include="SATCollider.cpp">
      <Filter>Collision\Source</Filter>
    </ClCompile>
    <ClCompile Include="EPACollider.cpp">
      <Filter>GeometryGen\Source</Filter>
    </ClCompile>
    <ClCompile Include="JarvisMarchHull.cpp">
      <Filter>GeometryGen\Source</Filter>
    </ClCompile>
    <ClCompile Include="QuickHullCollider.cpp">
      <Filter>GeometryGen\Source</Filter>
    </ClCompile>
  </ItemGroup>
  <ItemGroup>
    <CLInclude Include="resource.h">
      <Filter>Resource Files</Filter>
    </CLInclude>
  </ItemGroup>
  <ItemGroup>
    <Image Include="Resources\floor.dds">
      <Filter>Resource Files\Textures</Filter>
    </Image>
    <Image Include="Resources\stone.dds">
      <Filter>Resource Files\Textures</Filter>
    </Image>
  </ItemGroup>
  <ItemGroup>
    <None Include="SimpleShaders.hlsl">
      <Filter>Shaders</Filter>
    </None>
  </ItemGroup>
  <ItemGroup>
    <ResourceCompile Include="DX11PhysicsFramework.rc">
      <Filter>Resource Files</Filter>
    </ResourceCompile>
  </ItemGroup>
</Project>